
Microsoft Visual Studio Solution File, Format Version 12.00
# Visual Studio 15
VisualStudioVersion = 15.0.27004.2002
MinimumVisualStudioVersion = 10.0.40219.1
Project("{262852C6-CD72-467D-83FE-5EEB1973A190}") = "BudJet", "BudJet\BudJet.jsproj", "{B46E6DC2-E3A5-433C-AF08-B1C891F1EEDE}"
EndProject
Global
	GlobalSection(SolutionConfigurationPlatforms) = preSolution
		Debug|Android = Debug|Android
		Debug|iOS = Debug|iOS
		Debug|Windows-ARM = Debug|Windows-ARM
		Debug|Windows-x64 = Debug|Windows-x64
		Debug|Windows-x86 = Debug|Windows-x86
		Release|Android = Release|Android
		Release|iOS = Release|iOS
		Release|Windows-ARM = Release|Windows-ARM
		Release|Windows-x64 = Release|Windows-x64
		Release|Windows-x86 = Release|Windows-x86
	EndGlobalSection
	GlobalSection(ProjectConfigurationPlatforms) = postSolution
		{B46E6DC2-E3A5-433C-AF08-B1C891F1EEDE}.Debug|Android.ActiveCfg = Debug|Android
		{B46E6DC2-E3A5-433C-AF08-B1C891F1EEDE}.Debug|Android.Build.0 = Debug|Android
		{B46E6DC2-E3A5-433C-AF08-B1C891F1EEDE}.Debug|Android.Deploy.0 = Debug|Android
		{B46E6DC2-E3A5-433C-AF08-B1C891F1EEDE}.Debug|iOS.ActiveCfg = Debug|iOS
		{B46E6DC2-E3A5-433C-AF08-B1C891F1EEDE}.Debug|iOS.Build.0 = Debug|iOS
		{B46E6DC2-E3A5-433C-AF08-B1C891F1EEDE}.Debug|iOS.Deploy.0 = Debug|iOS
		{B46E6DC2-E3A5-433C-AF08-B1C891F1EEDE}.Debug|Windows-ARM.ActiveCfg = Debug|Windows-ARM
		{B46E6DC2-E3A5-433C-AF08-B1C891F1EEDE}.Debug|Windows-ARM.Build.0 = Debug|Windows-ARM
		{B46E6DC2-E3A5-433C-AF08-B1C891F1EEDE}.Debug|Windows-ARM.Deploy.0 = Debug|Windows-ARM
		{B46E6DC2-E3A5-433C-AF08-B1C891F1EEDE}.Debug|Windows-x64.ActiveCfg = Debug|Windows-x64
		{B46E6DC2-E3A5-433C-AF08-B1C891F1EEDE}.Debug|Windows-x64.Build.0 = Debug|Windows-x64
		{B46E6DC2-E3A5-433C-AF08-B1C891F1EEDE}.Debug|Windows-x64.Deploy.0 = Debug|Windows-x64
		{B46E6DC2-E3A5-433C-AF08-B1C891F1EEDE}.Debug|Windows-x86.ActiveCfg = Debug|Windows-x86
		{B46E6DC2-E3A5-433C-AF08-B1C891F1EEDE}.Debug|Windows-x86.Build.0 = Debug|Windows-x86
		{B46E6DC2-E3A5-433C-AF08-B1C891F1EEDE}.Debug|Windows-x86.Deploy.0 = Debug|Windows-x86
		{B46E6DC2-E3A5-433C-AF08-B1C891F1EEDE}.Release|Android.ActiveCfg = Release|Android
		{B46E6DC2-E3A5-433C-AF08-B1C891F1EEDE}.Release|Android.Build.0 = Release|Android
		{B46E6DC2-E3A5-433C-AF08-B1C891F1EEDE}.Release|Android.Deploy.0 = Release|Android
		{B46E6DC2-E3A5-433C-AF08-B1C891F1EEDE}.Release|iOS.ActiveCfg = Release|iOS
		{B46E6DC2-E3A5-433C-AF08-B1C891F1EEDE}.Release|iOS.Build.0 = Release|iOS
		{B46E6DC2-E3A5-433C-AF08-B1C891F1EEDE}.Release|iOS.Deploy.0 = Release|iOS
		{B46E6DC2-E3A5-433C-AF08-B1C891F1EEDE}.Release|Windows-ARM.ActiveCfg = Release|Windows-ARM
		{B46E6DC2-E3A5-433C-AF08-B1C891F1EEDE}.Release|Windows-ARM.Build.0 = Release|Windows-ARM
		{B46E6DC2-E3A5-433C-AF08-B1C891F1EEDE}.Release|Windows-ARM.Deploy.0 = Release|Windows-ARM
		{B46E6DC2-E3A5-433C-AF08-B1C891F1EEDE}.Release|Windows-x64.ActiveCfg = Release|Windows-x64
		{B46E6DC2-E3A5-433C-AF08-B1C891F1EEDE}.Release|Windows-x64.Build.0 = Release|Windows-x64
		{B46E6DC2-E3A5-433C-AF08-B1C891F1EEDE}.Release|Windows-x64.Deploy.0 = Release|Windows-x64
		{B46E6DC2-E3A5-433C-AF08-B1C891F1EEDE}.Release|Windows-x86.ActiveCfg = Release|Windows-x86
		{B46E6DC2-E3A5-433C-AF08-B1C891F1EEDE}.Release|Windows-x86.Build.0 = Release|Windows-x86
		{B46E6DC2-E3A5-433C-AF08-B1C891F1EEDE}.Release|Windows-x86.Deploy.0 = Release|Windows-x86
	EndGlobalSection
	GlobalSection(SolutionProperties) = preSolution
		HideSolutionNode = FALSE
	EndGlobalSection
	GlobalSection(ExtensibilityGlobals) = postSolution
		SolutionGuid = {EACE4197-FCD7-483D-9232-D2517ADFBDAE}
	EndGlobalSection
EndGlobal
